
Microsoft Visual Studio Solution File, Format Version 12.00
# Visual Studio 15
VisualStudioVersion = 15.0.28307.168
MinimumVisualStudioVersion = 10.0.40219.1
Project("{FAE04EC0-301F-11D3-BF4B-00C04F79EFBC}") = "ConsoleAppBoilerPlate", "ConsoleAppBoilerPlate.csproj", "{53C7498A-2CCC-402D-A7B1-20057079037D}"
EndProject
Global
	GlobalSection(SolutionConfigurationPlatforms) = preSolution
		Debug|Any CPU = Debug|Any CPU
		Release|Any CPU = Release|Any CPU
	EndGlobalSection
	GlobalSection(ProjectConfigurationPlatforms) = postSolution
		{53C7498A-2CCC-402D-A7B1-20057079037D}.Debug|Any CPU.ActiveCfg = Debug|Any CPU
		{53C7498A-2CCC-402D-A7B1-20057079037D}.Debug|Any CPU.Build.0 = Debug|Any CPU
		{53C7498A-2CCC-402D-A7B1-20057079037D}.Release|Any CPU.ActiveCfg = Release|Any CPU
		{53C7498A-2CCC-402D-A7B1-20057079037D}.Release|Any CPU.Build.0 = Release|Any CPU
	EndGlobalSection
	GlobalSection(SolutionProperties) = preSolution
		HideSolutionNode = FALSE
	EndGlobalSection
	GlobalSection(ExtensibilityGlobals) = postSolution
		SolutionGuid = {34CE08E9-033F-467E-80B4-5D3CA8FE6511}
	EndGlobalSection
EndGlobal
