
Microsoft Visual Studio Solution File, Format Version 12.00
# Visual Studio 15
VisualStudioVersion = 15.0.26430.15
MinimumVisualStudioVersion = 10.0.40219.1
Project("{FAE04EC0-301F-11D3-BF4B-00C04F79EFBC}") = "SimpleSerilog", "SimpleSerilog\SimpleSerilog.csproj", "{F99037B3-5736-4214-9025-749AB6B38B0B}"
EndProject
Global
	GlobalSection(SolutionConfigurationPlatforms) = preSolution
		Debug|Any CPU = Debug|Any CPU
		Release|Any CPU = Release|Any CPU
	EndGlobalSection
	GlobalSection(ProjectConfigurationPlatforms) = postSolution
		{F99037B3-5736-4214-9025-749AB6B38B0B}.Debug|Any CPU.ActiveCfg = Debug|Any CPU
		{F99037B3-5736-4214-9025-749AB6B38B0B}.Debug|Any CPU.Build.0 = Debug|Any CPU
		{F99037B3-5736-4214-9025-749AB6B38B0B}.Release|Any CPU.ActiveCfg = Release|Any CPU
		{F99037B3-5736-4214-9025-749AB6B38B0B}.Release|Any CPU.Build.0 = Release|Any CPU
	EndGlobalSection
	GlobalSection(SolutionProperties) = preSolution
		HideSolutionNode = FALSE
	EndGlobalSection
EndGlobal
